// !$*UTF8*$!
{
	archiveVersion = 1;
	classes = {
	};
	objectVersion = 56;
	objects = {

/* Begin PBXBuildFile section */
		7057A1F72ADBA03500298CBF /* HexagonApp.swift in Sources */ = {isa = PBXBuildFile; fileRef = 7057A1F62ADBA03500298CBF /* HexagonApp.swift */; };
		7057A1F92ADBA03500298CBF /* ContentView.swift in Sources */ = {isa = PBXBuildFile; fileRef = 7057A1F82ADBA03500298CBF /* ContentView.swift */; };
		7057A1FB2ADBA03700298CBF /* Assets.xcassets in Resources */ = {isa = PBXBuildFile; fileRef = 7057A1FA2ADBA03700298CBF /* Assets.xcassets */; };
		7057A1FE2ADBA03700298CBF /* Preview Assets.xcassets in Resources */ = {isa = PBXBuildFile; fileRef = 7057A1FD2ADBA03700298CBF /* Preview Assets.xcassets */; };
		7057A2062ADBA06600298CBF /* HexagonParameters.swift in Sources */ = {isa = PBXBuildFile; fileRef = 7057A2052ADBA06600298CBF /* HexagonParameters.swift */; };
		7057A2082ADBA19100298CBF /* BadgeBackground.swift in Sources */ = {isa = PBXBuildFile; fileRef = 7057A2072ADBA19100298CBF /* BadgeBackground.swift */; };
		7057A20A2ADBB0D600298CBF /* BadgeSymbol.swift in Sources */ = {isa = PBXBuildFile; fileRef = 7057A2092ADBB0D600298CBF /* BadgeSymbol.swift */; };
		7057A20C2ADBB21A00298CBF /* RotatedBadge.swift in Sources */ = {isa = PBXBuildFile; fileRef = 7057A20B2ADBB21A00298CBF /* RotatedBadge.swift */; };
		7057A20E2ADBB32A00298CBF /* Badge.swift in Sources */ = {isa = PBXBuildFile; fileRef = 7057A20D2ADBB32900298CBF /* Badge.swift */; };
/* End PBXBuildFile section */

/* Begin PBXFileReference section */
		7057A1F32ADBA03500298CBF /* Hexagon.app */ = {isa = PBXFileReference; explicitFileType = wrapper.application; includeInIndex = 0; path = Hexagon.app; sourceTree = BUILT_PRODUCTS_DIR; };
		7057A1F62ADBA03500298CBF /* HexagonApp.swift */ = {isa = PBXFileReference; lastKnownFileType = sourcecode.swift; path = HexagonApp.swift; sourceTree = "<group>"; };
		7057A1F82ADBA03500298CBF /* ContentView.swift */ = {isa = PBXFileReference; lastKnownFileType = sourcecode.swift; path = ContentView.swift; sourceTree = "<group>"; };
		7057A1FA2ADBA03700298CBF /* Assets.xcassets */ = {isa = PBXFileReference; lastKnownFileType = folder.assetcatalog; path = Assets.xcassets; sourceTree = "<group>"; };
		7057A1FD2ADBA03700298CBF /* Preview Assets.xcassets */ = {isa = PBXFileReference; lastKnownFileType = folder.assetcatalog; path = "Preview Assets.xcassets"; sourceTree = "<group>"; };
		7057A2052ADBA06600298CBF /* HexagonParameters.swift */ = {isa = PBXFileReference; lastKnownFileType = sourcecode.swift; path = HexagonParameters.swift; sourceTree = "<group>"; };
		7057A2072ADBA19100298CBF /* BadgeBackground.swift */ = {isa = PBXFileReference; lastKnownFileType = sourcecode.swift; path = BadgeBackground.swift; sourceTree = "<group>"; };
		7057A2092ADBB0D600298CBF /* BadgeSymbol.swift */ = {isa = PBXFileReference; lastKnownFileType = sourcecode.swift; path = BadgeSymbol.swift; sourceTree = "<group>"; };
		7057A20B2ADBB21A00298CBF /* RotatedBadge.swift */ = {isa = PBXFileReference; lastKnownFileType = sourcecode.swift; path = RotatedBadge.swift; sourceTree = "<group>"; };
		7057A20D2ADBB32900298CBF /* Badge.swift */ = {isa = PBXFileReference; lastKnownFileType = sourcecode.swift; path = Badge.swift; sourceTree = "<group>"; };
/* End PBXFileReference section */

/* Begin PBXFrameworksBuildPhase section */
		7057A1F02ADBA03500298CBF /* Frameworks */ = {
			isa = PBXFrameworksBuildPhase;
			buildActionMask = 2147483647;
			files = (
			);
			runOnlyForDeploymentPostprocessing = 0;
		};
/* End PBXFrameworksBuildPhase section */

/* Begin PBXGroup section */
		7057A1EA2ADBA03500298CBF = {
			isa = PBXGroup;
			children = (
				7057A1F52ADBA03500298CBF /* Hexagon */,
				7057A1F42ADBA03500298CBF /* Products */,
			);
			sourceTree = "<group>";
		};
		7057A1F42ADBA03500298CBF /* Products */ = {
			isa = PBXGroup;
			children = (
				7057A1F32ADBA03500298CBF /* Hexagon.app */,
			);
			name = Products;
			sourceTree = "<group>";
		};
		7057A1F52ADBA03500298CBF /* Hexagon */ = {
			isa = PBXGroup;
			children = (
				7057A2042ADBA04200298CBF /* views */,
				7057A1F62ADBA03500298CBF /* HexagonApp.swift */,
				7057A1FA2ADBA03700298CBF /* Assets.xcassets */,
				7057A1FC2ADBA03700298CBF /* Preview Content */,
			);
			path = Hexagon;
			sourceTree = "<group>";
		};
		7057A1FC2ADBA03700298CBF /* Preview Content */ = {
			isa = PBXGroup;
			children = (
				7057A1FD2ADBA03700298CBF /* Preview Assets.xcassets */,
			);
			path = "Preview Content";
			sourceTree = "<group>";
		};
		7057A2042ADBA04200298CBF /* views */ = {
			isa = PBXGroup;
			children = (
				7057A1F82ADBA03500298CBF /* ContentView.swift */,
				7057A2052ADBA06600298CBF /* HexagonParameters.swift */,
				7057A2072ADBA19100298CBF /* BadgeBackground.swift */,
				7057A2092ADBB0D600298CBF /* BadgeSymbol.swift */,
				7057A20B2ADBB21A00298CBF /* RotatedBadge.swift */,
				7057A20D2ADBB32900298CBF /* Badge.swift */,
			);
			path = views;
			sourceTree = "<group>";
		};
/* End PBXGroup section */

/* Begin PBXNativeTarget section */
		7057A1F22ADBA03500298CBF /* Hexagon */ = {
			isa = PBXNativeTarget;
			buildConfigurationList = 7057A2012ADBA03700298CBF /* Build configuration list for PBXNativeTarget "Hexagon" */;
			buildPhases = (
				7057A1EF2ADBA03500298CBF /* Sources */,
				7057A1F02ADBA03500298CBF /* Frameworks */,
				7057A1F12ADBA03500298CBF /* Resources */,
			);
			buildRules = (
			);
			dependencies = (
			);
			name = Hexagon;
			productName = Hexagon;
			productReference = 7057A1F32ADBA03500298CBF /* Hexagon.app */;
			productType = "com.apple.product-type.application";
		};
/* End PBXNativeTarget section */

/* Begin PBXProject section */
		7057A1EB2ADBA03500298CBF /* Project object */ = {
			isa = PBXProject;
			attributes = {
				BuildIndependentTargetsInParallel = 1;
				LastSwiftUpdateCheck = 1500;
				LastUpgradeCheck = 1500;
				TargetAttributes = {
					7057A1F22ADBA03500298CBF = {
						CreatedOnToolsVersion = 15.0;
					};
				};
			};
			buildConfigurationList = 7057A1EE2ADBA03500298CBF /* Build configuration list for PBXProject "Hexagon" */;
			compatibilityVersion = "Xcode 14.0";
			developmentRegion = en;
			hasScannedForEncodings = 0;
			knownRegions = (
				en,
				Base,
			);
			mainGroup = 7057A1EA2ADBA03500298CBF;
			productRefGroup = 7057A1F42ADBA03500298CBF /* Products */;
			projectDirPath = "";
			projectRoot = "";
			targets = (
				7057A1F22ADBA03500298CBF /* Hexagon */,
			);
		};
/* End PBXProject section */

/* Begin PBXResourcesBuildPhase section */
		7057A1F12ADBA03500298CBF /* Resources */ = {
			isa = PBXResourcesBuildPhase;
			buildActionMask = 2147483647;
			files = (
				7057A1FE2ADBA03700298CBF /* Preview Assets.xcassets in Resources */,
				7057A1FB2ADBA03700298CBF /* Assets.xcassets in Resources */,
			);
			runOnlyForDeploymentPostprocessing = 0;
		};
/* End PBXResourcesBuildPhase section */

/* Begin PBXSourcesBuildPhase section */
		7057A1EF2ADBA03500298CBF /* Sources */ = {
			isa = PBXSourcesBuildPhase;
			buildActionMask = 2147483647;
			files = (
				7057A20E2ADBB32A00298CBF /* Badge.swift in Sources */,
				7057A2062ADBA06600298CBF /* HexagonParameters.swift in Sources */,
				7057A1F92ADBA03500298CBF /* ContentView.swift in Sources */,
				7057A1F72ADBA03500298CBF /* HexagonApp.swift in Sources */,
				7057A20A2ADBB0D600298CBF /* BadgeSymbol.swift in Sources */,
				7057A2082ADBA19100298CBF /* BadgeBackground.swift in Sources */,
				7057A20C2ADBB21A00298CBF /* RotatedBadge.swift in Sources */,
			);
			runOnlyForDeploymentPostprocessing = 0;
		};
/* End PBXSourcesBuildPhase section */

/* Begin XCBuildConfiguration section */
		7057A1FF2ADBA03700298CBF /* Debug */ = {
			isa = XCBuildConfiguration;
			buildSettings = {
				ALWAYS_SEARCH_USER_PATHS = NO;
				ASSETCATALOG_COMPILER_GENERATE_SWIFT_ASSET_SYMBOL_EXTENSIONS = YES;
				CLANG_ANALYZER_NONNULL = YES;
				CLANG_ANALYZER_NUMBER_OBJECT_CONVERSION = YES_AGGRESSIVE;
				CLANG_CXX_LANGUAGE_STANDARD = "gnu++20";
				CLANG_ENABLE_MODULES = YES;
				CLANG_ENABLE_OBJC_ARC = YES;
				CLANG_ENABLE_OBJC_WEAK = YES;
				CLANG_WARN_BLOCK_CAPTURE_AUTORELEASING = YES;
				CLANG_WARN_BOOL_CONVERSION = YES;
				CLANG_WARN_COMMA = YES;
				CLANG_WARN_CONSTANT_CONVERSION = YES;
				CLANG_WARN_DEPRECATED_OBJC_IMPLEMENTATIONS = YES;
				CLANG_WARN_DIRECT_OBJC_ISA_USAGE = YES_ERROR;
				CLANG_WARN_DOCUMENTATION_COMMENTS = YES;
				CLANG_WARN_EMPTY_BODY = YES;
				CLANG_WARN_ENUM_CONVERSION = YES;
				CLANG_WARN_INFINITE_RECURSION = YES;
				CLANG_WARN_INT_CONVERSION = YES;
				CLANG_WARN_NON_LITERAL_NULL_CONVERSION = YES;
				CLANG_WARN_OBJC_IMPLICIT_RETAIN_SELF = YES;
				CLANG_WARN_OBJC_LITERAL_CONVERSION = YES;
				CLANG_WARN_OBJC_ROOT_CLASS = YES_ERROR;
				CLANG_WARN_QUOTED_INCLUDE_IN_FRAMEWORK_HEADER = YES;
				CLANG_WARN_RANGE_LOOP_ANALYSIS = YES;
				CLANG_WARN_STRICT_PROTOTYPES = YES;
				CLANG_WARN_SUSPICIOUS_MOVE = YES;
				CLANG_WARN_UNGUARDED_AVAILABILITY = YES_AGGRESSIVE;
				CLANG_WARN_UNREACHABLE_CODE = YES;
				CLANG_WARN__DUPLICATE_METHOD_MATCH = YES;
				COPY_PHASE_STRIP = NO;
				DEBUG_INFORMATION_FORMAT = dwarf;
				ENABLE_STRICT_OBJC_MSGSEND = YES;
				ENABLE_TESTABILITY = YES;
				ENABLE_USER_SCRIPT_SANDBOXING = YES;
				GCC_C_LANGUAGE_STANDARD = gnu17;
				GCC_DYNAMIC_NO_PIC = NO;
				GCC_NO_COMMON_BLOCKS = YES;
				GCC_OPTIMIZATION_LEVEL = 0;
				GCC_PREPROCESSOR_DEFINITIONS = (
					"DEBUG=1",
					"$(inherited)",
				);
				GCC_WARN_64_TO_32_BIT_CONVERSION = YES;
				GCC_WARN_ABOUT_RETURN_TYPE = YES_ERROR;
				GCC_WARN_UNDECLARED_SELECTOR = YES;
				GCC_WARN_UNINITIALIZED_AUTOS = YES_AGGRESSIVE;
				GCC_WARN_UNUSED_FUNCTION = YES;
				GCC_WARN_UNUSED_VARIABLE = YES;
				IPHONEOS_DEPLOYMENT_TARGET = 17.0;
				LOCALIZATION_PREFERS_STRING_CATALOGS = YES;
				MTL_ENABLE_DEBUG_INFO = INCLUDE_SOURCE;
				MTL_FAST_MATH = YES;
				ONLY_ACTIVE_ARCH = YES;
				SDKROOT = iphoneos;
				SWIFT_ACTIVE_COMPILATION_CONDITIONS = "DEBUG $(inherited)";
				SWIFT_OPTIMIZATION_LEVEL = "-Onone";
			};
			name = Debug;
		};
		7057A2002ADBA03700298CBF /* Release */ = {
			isa = XCBuildConfiguration;
			buildSettings = {
				ALWAYS_SEARCH_USER_PATHS = NO;
				ASSETCATALOG_COMPILER_GENERATE_SWIFT_ASSET_SYMBOL_EXTENSIONS = YES;
				CLANG_ANALYZER_NONNULL = YES;
				CLANG_ANALYZER_NUMBER_OBJECT_CONVERSION = YES_AGGRESSIVE;
				CLANG_CXX_LANGUAGE_STANDARD = "gnu++20";
				CLANG_ENABLE_MODULES = YES;
				CLANG_ENABLE_OBJC_ARC = YES;
				CLANG_ENABLE_OBJC_WEAK = YES;
				CLANG_WARN_BLOCK_CAPTURE_AUTORELEASING = YES;
				CLANG_WARN_BOOL_CONVERSION = YES;
				CLANG_WARN_COMMA = YES;
				CLANG_WARN_CONSTANT_CONVERSION = YES;
				CLANG_WARN_DEPRECATED_OBJC_IMPLEMENTATIONS = YES;
				CLANG_WARN_DIRECT_OBJC_ISA_USAGE = YES_ERROR;
				CLANG_WARN_DOCUMENTATION_COMMENTS = YES;
				CLANG_WARN_EMPTY_BODY = YES;
				CLANG_WARN_ENUM_CONVERSION = YES;
				CLANG_WARN_INFINITE_RECURSION = YES;
				CLANG_WARN_INT_CONVERSION = YES;
				CLANG_WARN_NON_LITERAL_NULL_CONVERSION = YES;
				CLANG_WARN_OBJC_IMPLICIT_RETAIN_SELF = YES;
				CLANG_WARN_OBJC_LITERAL_CONVERSION = YES;
				CLANG_WARN_OBJC_ROOT_CLASS = YES_ERROR;
				CLANG_WARN_QUOTED_INCLUDE_IN_FRAMEWORK_HEADER = YES;
				CLANG_WARN_RANGE_LOOP_ANALYSIS = YES;
				CLANG_WARN_STRICT_PROTOTYPES = YES;
				CLANG_WARN_SUSPICIOUS_MOVE = YES;
				CLANG_WARN_UNGUARDED_AVAILABILITY = YES_AGGRESSIVE;
				CLANG_WARN_UNREACHABLE_CODE = YES;
				CLANG_WARN__DUPLICATE_METHOD_MATCH = YES;
				COPY_PHASE_STRIP = NO;
				DEBUG_INFORMATION_FORMAT = "dwarf-with-dsym";
				ENABLE_NS_ASSERTIONS = NO;
				ENABLE_STRICT_OBJC_MSGSEND = YES;
				ENABLE_USER_SCRIPT_SANDBOXING = YES;
				GCC_C_LANGUAGE_STANDARD = gnu17;
				GCC_NO_COMMON_BLOCKS = YES;
				GCC_WARN_64_TO_32_BIT_CONVERSION = YES;
				GCC_WARN_ABOUT_RETURN_TYPE = YES_ERROR;
				GCC_WARN_UNDECLARED_SELECTOR = YES;
				GCC_WARN_UNINITIALIZED_AUTOS = YES_AGGRESSIVE;
				GCC_WARN_UNUSED_FUNCTION = YES;
				GCC_WARN_UNUSED_VARIABLE = YES;
				IPHONEOS_DEPLOYMENT_TARGET = 17.0;
				LOCALIZATION_PREFERS_STRING_CATALOGS = YES;
				MTL_ENABLE_DEBUG_INFO = NO;
				MTL_FAST_MATH = YES;
				SDKROOT = iphoneos;
				SWIFT_COMPILATION_MODE = wholemodule;
				VALIDATE_PRODUCT = YES;
			};
			name = Release;
		};
		7057A2022ADBA03700298CBF /* Debug */ = {
			isa = XCBuildConfiguration;
			buildSettings = {
				ASSETCATALOG_COMPILER_APPICON_NAME = AppIcon;
				ASSETCATALOG_COMPILER_GLOBAL_ACCENT_COLOR_NAME = AccentColor;
				CODE_SIGN_STYLE = Automatic;
				CURRENT_PROJECT_VERSION = 1;
				DEVELOPMENT_ASSET_PATHS = "\"Hexagon/Preview Content\"";
				ENABLE_PREVIEWS = YES;
				GENERATE_INFOPLIST_FILE = YES;
				INFOPLIST_KEY_UIApplicationSceneManifest_Generation = YES;
				INFOPLIST_KEY_UIApplicationSupportsIndirectInputEvents = YES;
				INFOPLIST_KEY_UILaunchScreen_Generation = YES;
				INFOPLIST_KEY_UISupportedInterfaceOrientations_iPad = "UIInterfaceOrientationPortrait UIInterfaceOrientationPortraitUpsideDown UIInterfaceOrientationLandscapeLeft UIInterfaceOrientationLandscapeRight";
				INFOPLIST_KEY_UISupportedInterfaceOrientations_iPhone = "UIInterfaceOrientationPortrait UIInterfaceOrientationLandscapeLeft UIInterfaceOrientationLandscapeRight";
				LD_RUNPATH_SEARCH_PATHS = (
					"$(inherited)",
					"@executable_path/Frameworks",
				);
				MARKETING_VERSION = 1.0;
				PRODUCT_BUNDLE_IDENTIFIER = com.ade.tutorials.Hexagon;
				PRODUCT_NAME = "$(TARGET_NAME)";
				SWIFT_EMIT_LOC_STRINGS = YES;
				SWIFT_VERSION = 5.0;
				TARGETED_DEVICE_FAMILY = "1,2";
			};
			name = Debug;
		};
		7057A2032ADBA03700298CBF /* Release */ = {
			isa = XCBuildConfiguration;
			buildSettings = {
				ASSETCATALOG_COMPILER_APPICON_NAME = AppIcon;
				ASSETCATALOG_COMPILER_GLOBAL_ACCENT_COLOR_NAME = AccentColor;
				CODE_SIGN_STYLE = Automatic;
				CURRENT_PROJECT_VERSION = 1;
				DEVELOPMENT_ASSET_PATHS = "\"Hexagon/Preview Content\"";
				ENABLE_PREVIEWS = YES;
				GENERATE_INFOPLIST_FILE = YES;
				INFOPLIST_KEY_UIApplicationSceneManifest_Generation = YES;
				INFOPLIST_KEY_UIApplicationSupportsIndirectInputEvents = YES;
				INFOPLIST_KEY_UILaunchScreen_Generation = YES;
				INFOPLIST_KEY_UISupportedInterfaceOrientations_iPad = "UIInterfaceOrientationPortrait UIInterfaceOrientationPortraitUpsideDown UIInterfaceOrientationLandscapeLeft UIInterfaceOrientationLandscapeRight";
				INFOPLIST_KEY_UISupportedInterfaceOrientations_iPhone = "UIInterfaceOrientationPortrait UIInterfaceOrientationLandscapeLeft UIInterfaceOrientationLandscapeRight";
				LD_RUNPATH_SEARCH_PATHS = (
					"$(inherited)",
					"@executable_path/Frameworks",
				);
				MARKETING_VERSION = 1.0;
				PRODUCT_BUNDLE_IDENTIFIER = com.ade.tutorials.Hexagon;
				PRODUCT_NAME = "$(TARGET_NAME)";
				SWIFT_EMIT_LOC_STRINGS = YES;
				SWIFT_VERSION = 5.0;
				TARGETED_DEVICE_FAMILY = "1,2";
			};
			name = Release;
		};
/* End XCBuildConfiguration section */

/* Begin XCConfigurationList section */
		7057A1EE2ADBA03500298CBF /* Build configuration list for PBXProject "Hexagon" */ = {
			isa = XCConfigurationList;
			buildConfigurations = (
				7057A1FF2ADBA03700298CBF /* Debug */,
				7057A2002ADBA03700298CBF /* Release */,
			);
			defaultConfigurationIsVisible = 0;
			defaultConfigurationName = Release;
		};
		7057A2012ADBA03700298CBF /* Build configuration list for PBXNativeTarget "Hexagon" */ = {
			isa = XCConfigurationList;
			buildConfigurations = (
				7057A2022ADBA03700298CBF /* Debug */,
				7057A2032ADBA03700298CBF /* Release */,
			);
			defaultConfigurationIsVisible = 0;
			defaultConfigurationName = Release;
		};
/* End XCConfigurationList section */
	};
	rootObject = 7057A1EB2ADBA03500298CBF /* Project object */;
}
